// !$*UTF8*$!
{
	archiveVersion = 1;
	classes = {
	};
	objectVersion = 55;
	objects = {

/* Begin PBXBuildFile section */
		F631EFDF28FF900400709560 /* DiffableViewController.swift in Sources */ = {isa = PBXBuildFile; fileRef = F631EFDE28FF900400709560 /* DiffableViewController.swift */; };
		F631F0272900CF7F00709560 /* CObservable.swift in Sources */ = {isa = PBXBuildFile; fileRef = F631F0262900CF7F00709560 /* CObservable.swift */; };
		F631F0292900D13B00709560 /* NewsViewController.swift in Sources */ = {isa = PBXBuildFile; fileRef = F631F0282900D13B00709560 /* NewsViewController.swift */; };
		F631F02B2900D24300709560 /* NewsViewModel.swift in Sources */ = {isa = PBXBuildFile; fileRef = F631F02A2900D24300709560 /* NewsViewModel.swift */; };
		F631F02D2900D77A00709560 /* News.swift in Sources */ = {isa = PBXBuildFile; fileRef = F631F02C2900D77A00709560 /* News.swift */; };
		F631F0302900ED7B00709560 /* DiffableViewModel.swift in Sources */ = {isa = PBXBuildFile; fileRef = F631F02F2900ED7B00709560 /* DiffableViewModel.swift */; };
		F631F0322900EDEE00709560 /* APIService.swift in Sources */ = {isa = PBXBuildFile; fileRef = F631F0312900EDEE00709560 /* APIService.swift */; };
		F631F0342900EE3800709560 /* APIKey.swift in Sources */ = {isa = PBXBuildFile; fileRef = F631F0332900EE3800709560 /* APIKey.swift */; };
		F631F0362900EF8E00709560 /* UnsplashModel.swift in Sources */ = {isa = PBXBuildFile; fileRef = F631F0352900EF8E00709560 /* UnsplashModel.swift */; };
		F631F0392900F11700709560 /* Alamofire in Frameworks */ = {isa = PBXBuildFile; productRef = F631F0382900F11700709560 /* Alamofire */; };
		F631F03C2900F12200709560 /* Kingfisher in Frameworks */ = {isa = PBXBuildFile; productRef = F631F03B2900F12200709560 /* Kingfisher */; };
		F631F0ED290622D000709560 /* RxCocoa in Frameworks */ = {isa = PBXBuildFile; productRef = F631F0EC290622D000709560 /* RxCocoa */; };
		F631F0EF290622D000709560 /* RxSwift in Frameworks */ = {isa = PBXBuildFile; productRef = F631F0EE290622D000709560 /* RxSwift */; };
		F631F0F2290625BC00709560 /* RxCocoaExampleViewController.swift in Sources */ = {isa = PBXBuildFile; fileRef = F631F0F1290625BC00709560 /* RxCocoaExampleViewController.swift */; };
		F631F0F929077A5400709560 /* SubjectViewController.swift in Sources */ = {isa = PBXBuildFile; fileRef = F631F0F829077A5400709560 /* SubjectViewController.swift */; };
		F631F0FB290788AF00709560 /* SubjectViewModel.swift in Sources */ = {isa = PBXBuildFile; fileRef = F631F0FA290788AF00709560 /* SubjectViewModel.swift */; };
		F631F0FF2908CBCB00709560 /* SubscribeViewController.swift in Sources */ = {isa = PBXBuildFile; fileRef = F631F0FE2908CBCB00709560 /* SubscribeViewController.swift */; };
		F631F122290A07BC00709560 /* ValidationViewController.swift in Sources */ = {isa = PBXBuildFile; fileRef = F631F121290A07BC00709560 /* ValidationViewController.swift */; };
		F631F124290A090800709560 /* ValidationViewModel.swift in Sources */ = {isa = PBXBuildFile; fileRef = F631F123290A090800709560 /* ValidationViewModel.swift */; };
		F683645A28FE38F7007F133E /* SimpleCollectionViewController.swift in Sources */ = {isa = PBXBuildFile; fileRef = F683645928FE38F7007F133E /* SimpleCollectionViewController.swift */; };
		F68D143F28FE2DF30062F505 /* AppDelegate.swift in Sources */ = {isa = PBXBuildFile; fileRef = F68D143E28FE2DF30062F505 /* AppDelegate.swift */; };
		F68D144128FE2DF30062F505 /* SceneDelegate.swift in Sources */ = {isa = PBXBuildFile; fileRef = F68D144028FE2DF30062F505 /* SceneDelegate.swift */; };
		F68D144328FE2DF30062F505 /* SimpleTableViewController.swift in Sources */ = {isa = PBXBuildFile; fileRef = F68D144228FE2DF30062F505 /* SimpleTableViewController.swift */; };
		F68D144628FE2DF30062F505 /* Main.storyboard in Resources */ = {isa = PBXBuildFile; fileRef = F68D144428FE2DF30062F505 /* Main.storyboard */; };
		F68D144828FE2DF60062F505 /* Assets.xcassets in Resources */ = {isa = PBXBuildFile; fileRef = F68D144728FE2DF60062F505 /* Assets.xcassets */; };
		F68D144B28FE2DF60062F505 /* LaunchScreen.storyboard in Resources */ = {isa = PBXBuildFile; fileRef = F68D144928FE2DF60062F505 /* LaunchScreen.storyboard */; };
/* End PBXBuildFile section */

/* Begin PBXFileReference section */
		F631EFDE28FF900400709560 /* DiffableViewController.swift */ = {isa = PBXFileReference; lastKnownFileType = sourcecode.swift; path = DiffableViewController.swift; sourceTree = "<group>"; };
		F631F0262900CF7F00709560 /* CObservable.swift */ = {isa = PBXFileReference; lastKnownFileType = sourcecode.swift; path = CObservable.swift; sourceTree = "<group>"; };
		F631F0282900D13B00709560 /* NewsViewController.swift */ = {isa = PBXFileReference; lastKnownFileType = sourcecode.swift; path = NewsViewController.swift; sourceTree = "<group>"; };
		F631F02A2900D24300709560 /* NewsViewModel.swift */ = {isa = PBXFileReference; lastKnownFileType = sourcecode.swift; path = NewsViewModel.swift; sourceTree = "<group>"; };
		F631F02C2900D77A00709560 /* News.swift */ = {isa = PBXFileReference; lastKnownFileType = sourcecode.swift; path = News.swift; sourceTree = "<group>"; };
		F631F02F2900ED7B00709560 /* DiffableViewModel.swift */ = {isa = PBXFileReference; lastKnownFileType = sourcecode.swift; path = DiffableViewModel.swift; sourceTree = "<group>"; };
		F631F0312900EDEE00709560 /* APIService.swift */ = {isa = PBXFileReference; lastKnownFileType = sourcecode.swift; path = APIService.swift; sourceTree = "<group>"; };
		F631F0332900EE3800709560 /* APIKey.swift */ = {isa = PBXFileReference; lastKnownFileType = sourcecode.swift; path = APIKey.swift; sourceTree = "<group>"; };
		F631F0352900EF8E00709560 /* UnsplashModel.swift */ = {isa = PBXFileReference; lastKnownFileType = sourcecode.swift; path = UnsplashModel.swift; sourceTree = "<group>"; };
		F631F0F1290625BC00709560 /* RxCocoaExampleViewController.swift */ = {isa = PBXFileReference; lastKnownFileType = sourcecode.swift; path = RxCocoaExampleViewController.swift; sourceTree = "<group>"; };
		F631F0F829077A5400709560 /* SubjectViewController.swift */ = {isa = PBXFileReference; lastKnownFileType = sourcecode.swift; path = SubjectViewController.swift; sourceTree = "<group>"; };
		F631F0FA290788AF00709560 /* SubjectViewModel.swift */ = {isa = PBXFileReference; lastKnownFileType = sourcecode.swift; path = SubjectViewModel.swift; sourceTree = "<group>"; };
		F631F0FE2908CBCB00709560 /* SubscribeViewController.swift */ = {isa = PBXFileReference; lastKnownFileType = sourcecode.swift; path = SubscribeViewController.swift; sourceTree = "<group>"; };
		F631F121290A07BC00709560 /* ValidationViewController.swift */ = {isa = PBXFileReference; lastKnownFileType = sourcecode.swift; path = ValidationViewController.swift; sourceTree = "<group>"; };
		F631F123290A090800709560 /* ValidationViewModel.swift */ = {isa = PBXFileReference; lastKnownFileType = sourcecode.swift; path = ValidationViewModel.swift; sourceTree = "<group>"; };
		F683645928FE38F7007F133E /* SimpleCollectionViewController.swift */ = {isa = PBXFileReference; lastKnownFileType = sourcecode.swift; path = SimpleCollectionViewController.swift; sourceTree = "<group>"; };
		F68D143B28FE2DF30062F505 /* Compositional MVVM Rx.app */ = {isa = PBXFileReference; explicitFileType = wrapper.application; includeInIndex = 0; path = "Compositional MVVM Rx.app"; sourceTree = BUILT_PRODUCTS_DIR; };
		F68D143E28FE2DF30062F505 /* AppDelegate.swift */ = {isa = PBXFileReference; lastKnownFileType = sourcecode.swift; path = AppDelegate.swift; sourceTree = "<group>"; };
		F68D144028FE2DF30062F505 /* SceneDelegate.swift */ = {isa = PBXFileReference; lastKnownFileType = sourcecode.swift; path = SceneDelegate.swift; sourceTree = "<group>"; };
		F68D144228FE2DF30062F505 /* SimpleTableViewController.swift */ = {isa = PBXFileReference; lastKnownFileType = sourcecode.swift; path = SimpleTableViewController.swift; sourceTree = "<group>"; };
		F68D144528FE2DF30062F505 /* Base */ = {isa = PBXFileReference; lastKnownFileType = file.storyboard; name = Base; path = Base.lproj/Main.storyboard; sourceTree = "<group>"; };
		F68D144728FE2DF60062F505 /* Assets.xcassets */ = {isa = PBXFileReference; lastKnownFileType = folder.assetcatalog; path = Assets.xcassets; sourceTree = "<group>"; };
		F68D144A28FE2DF60062F505 /* Base */ = {isa = PBXFileReference; lastKnownFileType = file.storyboard; name = Base; path = Base.lproj/LaunchScreen.storyboard; sourceTree = "<group>"; };
		F68D144C28FE2DF60062F505 /* Info.plist */ = {isa = PBXFileReference; lastKnownFileType = text.plist.xml; path = Info.plist; sourceTree = "<group>"; };
/* End PBXFileReference section */

/* Begin PBXFrameworksBuildPhase section */
		F68D143828FE2DF30062F505 /* Frameworks */ = {
			isa = PBXFrameworksBuildPhase;
			buildActionMask = 2147483647;
			files = (
				F631F0ED290622D000709560 /* RxCocoa in Frameworks */,
				F631F03C2900F12200709560 /* Kingfisher in Frameworks */,
				F631F0EF290622D000709560 /* RxSwift in Frameworks */,
				F631F0392900F11700709560 /* Alamofire in Frameworks */,
			);
			runOnlyForDeploymentPostprocessing = 0;
		};
/* End PBXFrameworksBuildPhase section */

/* Begin PBXGroup section */
		F631F0252900CD9200709560 /* MVVMSample */ = {
			isa = PBXGroup;
			children = (
				F631F0262900CF7F00709560 /* CObservable.swift */,
				F631F0282900D13B00709560 /* NewsViewController.swift */,
				F631F02A2900D24300709560 /* NewsViewModel.swift */,
				F631F02C2900D77A00709560 /* News.swift */,
			);
			path = MVVMSample;
			sourceTree = "<group>";
		};
		F631F03D2900F61300709560 /* MVVM+API+Compositional */ = {
			isa = PBXGroup;
			children = (
				F631EFDE28FF900400709560 /* DiffableViewController.swift */,
				F631F02F2900ED7B00709560 /* DiffableViewModel.swift */,
				F631F0312900EDEE00709560 /* APIService.swift */,
				F631F0332900EE3800709560 /* APIKey.swift */,
				F631F0352900EF8E00709560 /* UnsplashModel.swift */,
			);
			path = "MVVM+API+Compositional";
			sourceTree = "<group>";
		};
		F631F0F0290625A000709560 /* Rx */ = {
			isa = PBXGroup;
			children = (
				F631F0F1290625BC00709560 /* RxCocoaExampleViewController.swift */,
				F631F0F829077A5400709560 /* SubjectViewController.swift */,
				F631F0FA290788AF00709560 /* SubjectViewModel.swift */,
				F631F0FE2908CBCB00709560 /* SubscribeViewController.swift */,
			);
			path = Rx;
			sourceTree = "<group>";
		};
		F631F120290A07A900709560 /* Validation */ = {
			isa = PBXGroup;
			children = (
				F631F121290A07BC00709560 /* ValidationViewController.swift */,
				F631F123290A090800709560 /* ValidationViewModel.swift */,
			);
			path = Validation;
			sourceTree = "<group>";
		};
		F68D143228FE2DF30062F505 = {
			isa = PBXGroup;
			children = (
				F68D143D28FE2DF30062F505 /* Compositional MVVM Rx */,
				F68D143C28FE2DF30062F505 /* Products */,
			);
			sourceTree = "<group>";
		};
		F68D143C28FE2DF30062F505 /* Products */ = {
			isa = PBXGroup;
			children = (
				F68D143B28FE2DF30062F505 /* Compositional MVVM Rx.app */,
			);
			name = Products;
			sourceTree = "<group>";
		};
		F68D143D28FE2DF30062F505 /* Compositional MVVM Rx */ = {
			isa = PBXGroup;
			children = (
				F631F120290A07A900709560 /* Validation */,
				F631F0F0290625A000709560 /* Rx */,
				F631F03D2900F61300709560 /* MVVM+API+Compositional */,
				F631F0252900CD9200709560 /* MVVMSample */,
				F68D143E28FE2DF30062F505 /* AppDelegate.swift */,
				F68D144028FE2DF30062F505 /* SceneDelegate.swift */,
				F68D144228FE2DF30062F505 /* SimpleTableViewController.swift */,
				F683645928FE38F7007F133E /* SimpleCollectionViewController.swift */,
				F68D144428FE2DF30062F505 /* Main.storyboard */,
				F68D144728FE2DF60062F505 /* Assets.xcassets */,
				F68D144928FE2DF60062F505 /* LaunchScreen.storyboard */,
				F68D144C28FE2DF60062F505 /* Info.plist */,
			);
			path = "Compositional MVVM Rx";
			sourceTree = "<group>";
		};
/* End PBXGroup section */

/* Begin PBXNativeTarget section */
		F68D143A28FE2DF30062F505 /* Compositional MVVM Rx */ = {
			isa = PBXNativeTarget;
			buildConfigurationList = F68D144F28FE2DF60062F505 /* Build configuration list for PBXNativeTarget "Compositional MVVM Rx" */;
			buildPhases = (
				F68D143728FE2DF30062F505 /* Sources */,
				F68D143828FE2DF30062F505 /* Frameworks */,
				F68D143928FE2DF30062F505 /* Resources */,
			);
			buildRules = (
			);
			dependencies = (
			);
			name = "Compositional MVVM Rx";
			packageProductDependencies = (
				F631F0382900F11700709560 /* Alamofire */,
				F631F03B2900F12200709560 /* Kingfisher */,
				F631F0EC290622D000709560 /* RxCocoa */,
				F631F0EE290622D000709560 /* RxSwift */,
			);
			productName = "Compositional MVVM Rx";
			productReference = F68D143B28FE2DF30062F505 /* Compositional MVVM Rx.app */;
			productType = "com.apple.product-type.application";
		};
/* End PBXNativeTarget section */

/* Begin PBXProject section */
		F68D143328FE2DF30062F505 /* Project object */ = {
			isa = PBXProject;
			attributes = {
				BuildIndependentTargetsInParallel = 1;
				LastSwiftUpdateCheck = 1340;
				LastUpgradeCheck = 1340;
				TargetAttributes = {
					F68D143A28FE2DF30062F505 = {
						CreatedOnToolsVersion = 13.4.1;
					};
				};
			};
			buildConfigurationList = F68D143628FE2DF30062F505 /* Build configuration list for PBXProject "Compositional MVVM Rx" */;
			compatibilityVersion = "Xcode 13.0";
			developmentRegion = en;
			hasScannedForEncodings = 0;
			knownRegions = (
				en,
				Base,
			);
			mainGroup = F68D143228FE2DF30062F505;
			packageReferences = (
				F631F0372900F11700709560 /* XCRemoteSwiftPackageReference "Alamofire" */,
				F631F03A2900F12200709560 /* XCRemoteSwiftPackageReference "Kingfisher" */,
				F631F0EB290622D000709560 /* XCRemoteSwiftPackageReference "RxSwift" */,
			);
			productRefGroup = F68D143C28FE2DF30062F505 /* Products */;
			projectDirPath = "";
			projectRoot = "";
			targets = (
				F68D143A28FE2DF30062F505 /* Compositional MVVM Rx */,
			);
		};
/* End PBXProject section */

/* Begin PBXResourcesBuildPhase section */
		F68D143928FE2DF30062F505 /* Resources */ = {
			isa = PBXResourcesBuildPhase;
			buildActionMask = 2147483647;
			files = (
				F68D144B28FE2DF60062F505 /* LaunchScreen.storyboard in Resources */,
				F68D144828FE2DF60062F505 /* Assets.xcassets in Resources */,
				F68D144628FE2DF30062F505 /* Main.storyboard in Resources */,
			);
			runOnlyForDeploymentPostprocessing = 0;
		};
/* End PBXResourcesBuildPhase section */

/* Begin PBXSourcesBuildPhase section */
		F68D143728FE2DF30062F505 /* Sources */ = {
			isa = PBXSourcesBuildPhase;
			buildActionMask = 2147483647;
			files = (
				F631F0FF2908CBCB00709560 /* SubscribeViewController.swift in Sources */,
				F631F122290A07BC00709560 /* ValidationViewController.swift in Sources */,
				F631F0272900CF7F00709560 /* CObservable.swift in Sources */,
				F631F124290A090800709560 /* ValidationViewModel.swift in Sources */,
				F683645A28FE38F7007F133E /* SimpleCollectionViewController.swift in Sources */,
				F68D144328FE2DF30062F505 /* SimpleTableViewController.swift in Sources */,
				F631F02D2900D77A00709560 /* News.swift in Sources */,
				F631F0322900EDEE00709560 /* APIService.swift in Sources */,
				F631F0362900EF8E00709560 /* UnsplashModel.swift in Sources */,
				F68D143F28FE2DF30062F505 /* AppDelegate.swift in Sources */,
				F631F0F929077A5400709560 /* SubjectViewController.swift in Sources */,
				F631F0292900D13B00709560 /* NewsViewController.swift in Sources */,
				F631EFDF28FF900400709560 /* DiffableViewController.swift in Sources */,
				F68D144128FE2DF30062F505 /* SceneDelegate.swift in Sources */,
				F631F02B2900D24300709560 /* NewsViewModel.swift in Sources */,
				F631F0342900EE3800709560 /* APIKey.swift in Sources */,
				F631F0FB290788AF00709560 /* SubjectViewModel.swift in Sources */,
				F631F0302900ED7B00709560 /* DiffableViewModel.swift in Sources */,
				F631F0F2290625BC00709560 /* RxCocoaExampleViewController.swift in Sources */,
			);
			runOnlyForDeploymentPostprocessing = 0;
		};
/* End PBXSourcesBuildPhase section */

/* Begin PBXVariantGroup section */
		F68D144428FE2DF30062F505 /* Main.storyboard */ = {
			isa = PBXVariantGroup;
			children = (
				F68D144528FE2DF30062F505 /* Base */,
			);
			name = Main.storyboard;
			sourceTree = "<group>";
		};
		F68D144928FE2DF60062F505 /* LaunchScreen.storyboard */ = {
			isa = PBXVariantGroup;
			children = (
				F68D144A28FE2DF60062F505 /* Base */,
			);
			name = LaunchScreen.storyboard;
			sourceTree = "<group>";
		};
/* End PBXVariantGroup section */

/* Begin XCBuildConfiguration section */
		F68D144D28FE2DF60062F505 /* Debug */ = {
			isa = XCBuildConfiguration;
			buildSettings = {
				ALWAYS_SEARCH_USER_PATHS = NO;
				CLANG_ANALYZER_NONNULL = YES;
				CLANG_ANALYZER_NUMBER_OBJECT_CONVERSION = YES_AGGRESSIVE;
				CLANG_CXX_LANGUAGE_STANDARD = "gnu++17";
				CLANG_ENABLE_MODULES = YES;
				CLANG_ENABLE_OBJC_ARC = YES;
				CLANG_ENABLE_OBJC_WEAK = YES;
				CLANG_WARN_BLOCK_CAPTURE_AUTORELEASING = YES;
				CLANG_WARN_BOOL_CONVERSION = YES;
				CLANG_WARN_COMMA = YES;
				CLANG_WARN_CONSTANT_CONVERSION = YES;
				CLANG_WARN_DEPRECATED_OBJC_IMPLEMENTATIONS = YES;
				CLANG_WARN_DIRECT_OBJC_ISA_USAGE = YES_ERROR;
				CLANG_WARN_DOCUMENTATION_COMMENTS = YES;
				CLANG_WARN_EMPTY_BODY = YES;
				CLANG_WARN_ENUM_CONVERSION = YES;
				CLANG_WARN_INFINITE_RECURSION = YES;
				CLANG_WARN_INT_CONVERSION = YES;
				CLANG_WARN_NON_LITERAL_NULL_CONVERSION = YES;
				CLANG_WARN_OBJC_IMPLICIT_RETAIN_SELF = YES;
				CLANG_WARN_OBJC_LITERAL_CONVERSION = YES;
				CLANG_WARN_OBJC_ROOT_CLASS = YES_ERROR;
				CLANG_WARN_QUOTED_INCLUDE_IN_FRAMEWORK_HEADER = YES;
				CLANG_WARN_RANGE_LOOP_ANALYSIS = YES;
				CLANG_WARN_STRICT_PROTOTYPES = YES;
				CLANG_WARN_SUSPICIOUS_MOVE = YES;
				CLANG_WARN_UNGUARDED_AVAILABILITY = YES_AGGRESSIVE;
				CLANG_WARN_UNREACHABLE_CODE = YES;
				CLANG_WARN__DUPLICATE_METHOD_MATCH = YES;
				COPY_PHASE_STRIP = NO;
				DEBUG_INFORMATION_FORMAT = dwarf;
				ENABLE_STRICT_OBJC_MSGSEND = YES;
				ENABLE_TESTABILITY = YES;
				GCC_C_LANGUAGE_STANDARD = gnu11;
				GCC_DYNAMIC_NO_PIC = NO;
				GCC_NO_COMMON_BLOCKS = YES;
				GCC_OPTIMIZATION_LEVEL = 0;
				GCC_PREPROCESSOR_DEFINITIONS = (
					"DEBUG=1",
					"$(inherited)",
				);
				GCC_WARN_64_TO_32_BIT_CONVERSION = YES;
				GCC_WARN_ABOUT_RETURN_TYPE = YES_ERROR;
				GCC_WARN_UNDECLARED_SELECTOR = YES;
				GCC_WARN_UNINITIALIZED_AUTOS = YES_AGGRESSIVE;
				GCC_WARN_UNUSED_FUNCTION = YES;
				GCC_WARN_UNUSED_VARIABLE = YES;
				IPHONEOS_DEPLOYMENT_TARGET = 15.5;
				MTL_ENABLE_DEBUG_INFO = INCLUDE_SOURCE;
				MTL_FAST_MATH = YES;
				ONLY_ACTIVE_ARCH = YES;
				SDKROOT = iphoneos;
				SWIFT_ACTIVE_COMPILATION_CONDITIONS = DEBUG;
				SWIFT_OPTIMIZATION_LEVEL = "-Onone";
			};
			name = Debug;
		};
		F68D144E28FE2DF60062F505 /* Release */ = {
			isa = XCBuildConfiguration;
			buildSettings = {
				ALWAYS_SEARCH_USER_PATHS = NO;
				CLANG_ANALYZER_NONNULL = YES;
				CLANG_ANALYZER_NUMBER_OBJECT_CONVERSION = YES_AGGRESSIVE;
				CLANG_CXX_LANGUAGE_STANDARD = "gnu++17";
				CLANG_ENABLE_MODULES = YES;
				CLANG_ENABLE_OBJC_ARC = YES;
				CLANG_ENABLE_OBJC_WEAK = YES;
				CLANG_WARN_BLOCK_CAPTURE_AUTORELEASING = YES;
				CLANG_WARN_BOOL_CONVERSION = YES;
				CLANG_WARN_COMMA = YES;
				CLANG_WARN_CONSTANT_CONVERSION = YES;
				CLANG_WARN_DEPRECATED_OBJC_IMPLEMENTATIONS = YES;
				CLANG_WARN_DIRECT_OBJC_ISA_USAGE = YES_ERROR;
				CLANG_WARN_DOCUMENTATION_COMMENTS = YES;
				CLANG_WARN_EMPTY_BODY = YES;
				CLANG_WARN_ENUM_CONVERSION = YES;
				CLANG_WARN_INFINITE_RECURSION = YES;
				CLANG_WARN_INT_CONVERSION = YES;
				CLANG_WARN_NON_LITERAL_NULL_CONVERSION = YES;
				CLANG_WARN_OBJC_IMPLICIT_RETAIN_SELF = YES;
				CLANG_WARN_OBJC_LITERAL_CONVERSION = YES;
				CLANG_WARN_OBJC_ROOT_CLASS = YES_ERROR;
				CLANG_WARN_QUOTED_INCLUDE_IN_FRAMEWORK_HEADER = YES;
				CLANG_WARN_RANGE_LOOP_ANALYSIS = YES;
				CLANG_WARN_STRICT_PROTOTYPES = YES;
				CLANG_WARN_SUSPICIOUS_MOVE = YES;
				CLANG_WARN_UNGUARDED_AVAILABILITY = YES_AGGRESSIVE;
				CLANG_WARN_UNREACHABLE_CODE = YES;
				CLANG_WARN__DUPLICATE_METHOD_MATCH = YES;
				COPY_PHASE_STRIP = NO;
				DEBUG_INFORMATION_FORMAT = "dwarf-with-dsym";
				ENABLE_NS_ASSERTIONS = NO;
				ENABLE_STRICT_OBJC_MSGSEND = YES;
				GCC_C_LANGUAGE_STANDARD = gnu11;
				GCC_NO_COMMON_BLOCKS = YES;
				GCC_WARN_64_TO_32_BIT_CONVERSION = YES;
				GCC_WARN_ABOUT_RETURN_TYPE = YES_ERROR;
				GCC_WARN_UNDECLARED_SELECTOR = YES;
				GCC_WARN_UNINITIALIZED_AUTOS = YES_AGGRESSIVE;
				GCC_WARN_UNUSED_FUNCTION = YES;
				GCC_WARN_UNUSED_VARIABLE = YES;
				IPHONEOS_DEPLOYMENT_TARGET = 15.5;
				MTL_ENABLE_DEBUG_INFO = NO;
				MTL_FAST_MATH = YES;
				SDKROOT = iphoneos;
				SWIFT_COMPILATION_MODE = wholemodule;
				SWIFT_OPTIMIZATION_LEVEL = "-O";
				VALIDATE_PRODUCT = YES;
			};
			name = Release;
		};
		F68D145028FE2DF60062F505 /* Debug */ = {
			isa = XCBuildConfiguration;
			buildSettings = {
				ASSETCATALOG_COMPILER_APPICON_NAME = AppIcon;
				ASSETCATALOG_COMPILER_GLOBAL_ACCENT_COLOR_NAME = AccentColor;
				CODE_SIGN_STYLE = Automatic;
				CURRENT_PROJECT_VERSION = 1;
				DEVELOPMENT_TEAM = FJNF7APGSX;
				GENERATE_INFOPLIST_FILE = YES;
				INFOPLIST_FILE = "Compositional MVVM Rx/Info.plist";
				INFOPLIST_KEY_UIApplicationSupportsIndirectInputEvents = YES;
				INFOPLIST_KEY_UILaunchStoryboardName = LaunchScreen;
				INFOPLIST_KEY_UIMainStoryboardFile = Main;
				INFOPLIST_KEY_UISupportedInterfaceOrientations_iPad = "UIInterfaceOrientationPortrait UIInterfaceOrientationPortraitUpsideDown UIInterfaceOrientationLandscapeLeft UIInterfaceOrientationLandscapeRight";
				INFOPLIST_KEY_UISupportedInterfaceOrientations_iPhone = "UIInterfaceOrientationPortrait UIInterfaceOrientationLandscapeLeft UIInterfaceOrientationLandscapeRight";
				LD_RUNPATH_SEARCH_PATHS = (
					"$(inherited)",
					"@executable_path/Frameworks",
				);
				MARKETING_VERSION = 1.0;
				PRODUCT_BUNDLE_IDENTIFIER = "com.rOarMJ.Compositional-MVVM-Rx";
				PRODUCT_NAME = "$(TARGET_NAME)";
				SWIFT_EMIT_LOC_STRINGS = YES;
				SWIFT_VERSION = 5.0;
				TARGETED_DEVICE_FAMILY = 1;
			};
			name = Debug;
		};
		F68D145128FE2DF60062F505 /* Release */ = {
			isa = XCBuildConfiguration;
			buildSettings = {
				ASSETCATALOG_COMPILER_APPICON_NAME = AppIcon;
				ASSETCATALOG_COMPILER_GLOBAL_ACCENT_COLOR_NAME = AccentColor;
				CODE_SIGN_STYLE = Automatic;
				CURRENT_PROJECT_VERSION = 1;
				DEVELOPMENT_TEAM = FJNF7APGSX;
				GENERATE_INFOPLIST_FILE = YES;
				INFOPLIST_FILE = "Compositional MVVM Rx/Info.plist";
				INFOPLIST_KEY_UIApplicationSupportsIndirectInputEvents = YES;
				INFOPLIST_KEY_UILaunchStoryboardName = LaunchScreen;
				INFOPLIST_KEY_UIMainStoryboardFile = Main;
				INFOPLIST_KEY_UISupportedInterfaceOrientations_iPad = "UIInterfaceOrientationPortrait UIInterfaceOrientationPortraitUpsideDown UIInterfaceOrientationLandscapeLeft UIInterfaceOrientationLandscapeRight";
				INFOPLIST_KEY_UISupportedInterfaceOrientations_iPhone = "UIInterfaceOrientationPortrait UIInterfaceOrientationLandscapeLeft UIInterfaceOrientationLandscapeRight";
				LD_RUNPATH_SEARCH_PATHS = (
					"$(inherited)",
					"@executable_path/Frameworks",
				);
				MARKETING_VERSION = 1.0;
				PRODUCT_BUNDLE_IDENTIFIER = "com.rOarMJ.Compositional-MVVM-Rx";
				PRODUCT_NAME = "$(TARGET_NAME)";
				SWIFT_EMIT_LOC_STRINGS = YES;
				SWIFT_VERSION = 5.0;
				TARGETED_DEVICE_FAMILY = 1;
			};
			name = Release;
		};
/* End XCBuildConfiguration section */

/* Begin XCConfigurationList section */
		F68D143628FE2DF30062F505 /* Build configuration list for PBXProject "Compositional MVVM Rx" */ = {
			isa = XCConfigurationList;
			buildConfigurations = (
				F68D144D28FE2DF60062F505 /* Debug */,
				F68D144E28FE2DF60062F505 /* Release */,
			);
			defaultConfigurationIsVisible = 0;
			defaultConfigurationName = Release;
		};
		F68D144F28FE2DF60062F505 /* Build configuration list for PBXNativeTarget "Compositional MVVM Rx" */ = {
			isa = XCConfigurationList;
			buildConfigurations = (
				F68D145028FE2DF60062F505 /* Debug */,
				F68D145128FE2DF60062F505 /* Release */,
			);
			defaultConfigurationIsVisible = 0;
			defaultConfigurationName = Release;
		};
/* End XCConfigurationList section */

/* Begin XCRemoteSwiftPackageReference section */
		F631F0372900F11700709560 /* XCRemoteSwiftPackageReference "Alamofire" */ = {
			isa = XCRemoteSwiftPackageReference;
			repositoryURL = "https://github.com/Alamofire/Alamofire.git";
			requirement = {
				kind = upToNextMajorVersion;
				minimumVersion = 5.0.0;
			};
		};
		F631F03A2900F12200709560 /* XCRemoteSwiftPackageReference "Kingfisher" */ = {
			isa = XCRemoteSwiftPackageReference;
			repositoryURL = "https://github.com/onevcat/Kingfisher.git";
			requirement = {
				kind = upToNextMajorVersion;
				minimumVersion = 7.0.0;
			};
		};
		F631F0EB290622D000709560 /* XCRemoteSwiftPackageReference "RxSwift" */ = {
			isa = XCRemoteSwiftPackageReference;
			repositoryURL = "https://github.com/ReactiveX/RxSwift.git";
			requirement = {
				kind = upToNextMajorVersion;
				minimumVersion = 6.0.0;
			};
		};
/* End XCRemoteSwiftPackageReference section */

/* Begin XCSwiftPackageProductDependency section */
		F631F0382900F11700709560 /* Alamofire */ = {
			isa = XCSwiftPackageProductDependency;
			package = F631F0372900F11700709560 /* XCRemoteSwiftPackageReference "Alamofire" */;
			productName = Alamofire;
		};
		F631F03B2900F12200709560 /* Kingfisher */ = {
			isa = XCSwiftPackageProductDependency;
			package = F631F03A2900F12200709560 /* XCRemoteSwiftPackageReference "Kingfisher" */;
			productName = Kingfisher;
		};
		F631F0EC290622D000709560 /* RxCocoa */ = {
			isa = XCSwiftPackageProductDependency;
			package = F631F0EB290622D000709560 /* XCRemoteSwiftPackageReference "RxSwift" */;
			productName = RxCocoa;
		};
		F631F0EE290622D000709560 /* RxSwift */ = {
			isa = XCSwiftPackageProductDependency;
			package = F631F0EB290622D000709560 /* XCRemoteSwiftPackageReference "RxSwift" */;
			productName = RxSwift;
		};
/* End XCSwiftPackageProductDependency section */
	};
	rootObject = F68D143328FE2DF30062F505 /* Project object */;
}
